
Microsoft Visual Studio Solution File, Format Version 12.00
# Visual Studio Version 17
VisualStudioVersion = 17.9.34728.123
MinimumVisualStudioVersion = 10.0.40219.1
Project("{9A19103F-16F7-4668-BE54-9A1E7A4F7556}") = "AppMotorGrafico", "AppMotorGrafico.csproj", "{DF9608B4-5367-4C41-8C02-AEA2F29DCB2D}"
EndProject
Global
	GlobalSection(SolutionConfigurationPlatforms) = preSolution
		Debug|Any CPU = Debug|Any CPU
		Release|Any CPU = Release|Any CPU
	EndGlobalSection
	GlobalSection(ProjectConfigurationPlatforms) = postSolution
		{DF9608B4-5367-4C41-8C02-AEA2F29DCB2D}.Debug|Any CPU.ActiveCfg = Debug|Any CPU
		{DF9608B4-5367-4C41-8C02-AEA2F29DCB2D}.Debug|Any CPU.Build.0 = Debug|Any CPU
		{DF9608B4-5367-4C41-8C02-AEA2F29DCB2D}.Release|Any CPU.ActiveCfg = Release|Any CPU
		{DF9608B4-5367-4C41-8C02-AEA2F29DCB2D}.Release|Any CPU.Build.0 = Release|Any CPU
	EndGlobalSection
	GlobalSection(SolutionProperties) = preSolution
		HideSolutionNode = FALSE
	EndGlobalSection
	GlobalSection(ExtensibilityGlobals) = postSolution
		SolutionGuid = {DF37E222-9B5E-4CCB-8304-824F49318364}
	EndGlobalSection
EndGlobal
